
Microsoft Visual Studio Solution File, Format Version 12.00
# Visual Studio Version 16
VisualStudioVersion = 16.0.29020.237
MinimumVisualStudioVersion = 10.0.40219.1
Project("{FAE04EC0-301F-11D3-BF4B-00C04F79EFBC}") = "Lychee.Domain", "Lychee.Domain\Lychee.Domain.csproj", "{01B8D458-8F85-48ED-BFED-F9D3C694AA8A}"
EndProject
Global
	GlobalSection(SolutionConfigurationPlatforms) = preSolution
		Debug|Any CPU = Debug|Any CPU
		Release|Any CPU = Release|Any CPU
	EndGlobalSection
	GlobalSection(ProjectConfigurationPlatforms) = postSolution
		{01B8D458-8F85-48ED-BFED-F9D3C694AA8A}.Debug|Any CPU.ActiveCfg = Debug|Any CPU
		{01B8D458-8F85-48ED-BFED-F9D3C694AA8A}.Debug|Any CPU.Build.0 = Debug|Any CPU
		{01B8D458-8F85-48ED-BFED-F9D3C694AA8A}.Release|Any CPU.ActiveCfg = Release|Any CPU
		{01B8D458-8F85-48ED-BFED-F9D3C694AA8A}.Release|Any CPU.Build.0 = Release|Any CPU
	EndGlobalSection
	GlobalSection(SolutionProperties) = preSolution
		HideSolutionNode = FALSE
	EndGlobalSection
	GlobalSection(ExtensibilityGlobals) = postSolution
		SolutionGuid = {6A3BDE94-8386-466B-899B-97C47A068B29}
	EndGlobalSection
EndGlobal
